
Microsoft Visual Studio Solution File, Format Version 12.00
# Visual Studio Version 16
VisualStudioVersion = 25.0.1704.0
MinimumVisualStudioVersion = 10.0.40219.1
Project("{FAE04EC0-301F-11D3-BF4B-00C04F79EFBC}") = "Indexers", "Indexers\Indexers.csproj", "{C2F109BE-8DDB-4CA8-96E7-B92F17331968}"
EndProject
Global
	GlobalSection(SolutionConfigurationPlatforms) = preSolution
		Debug|Any CPU = Debug|Any CPU
		Release|Any CPU = Release|Any CPU
	EndGlobalSection
	GlobalSection(ProjectConfigurationPlatforms) = postSolution
		{C2F109BE-8DDB-4CA8-96E7-B92F17331968}.Debug|Any CPU.ActiveCfg = Debug|Any CPU
		{C2F109BE-8DDB-4CA8-96E7-B92F17331968}.Debug|Any CPU.Build.0 = Debug|Any CPU
		{C2F109BE-8DDB-4CA8-96E7-B92F17331968}.Release|Any CPU.ActiveCfg = Release|Any CPU
		{C2F109BE-8DDB-4CA8-96E7-B92F17331968}.Release|Any CPU.Build.0 = Release|Any CPU
	EndGlobalSection
	GlobalSection(SolutionProperties) = preSolution
		HideSolutionNode = FALSE
	EndGlobalSection
	GlobalSection(ExtensibilityGlobals) = postSolution
		SolutionGuid = {FEEE3F52-EE9E-4C10-A95C-43860B59A7D7}
	EndGlobalSection
EndGlobal
